
Microsoft Visual Studio Solution File, Format Version 12.00
# Visual Studio Version 16
VisualStudioVersion = 16.0.31702.278
MinimumVisualStudioVersion = 10.0.40219.1
Project("{FAE04EC0-301F-11D3-BF4B-00C04F79EFBC}") = "ISMPrakt04", "ISMPrakt04.csproj", "{55D36EDD-ABA3-4338-9954-AC5A3A2B3D78}"
EndProject
Project("{FAE04EC0-301F-11D3-BF4B-00C04F79EFBC}") = "LibraryPrakt04", "LibraryPrakt04\LibraryPrakt04.csproj", "{C8FFB6E4-CD8E-43D7-9EC1-BFF453C9BDE5}"
EndProject
Global
	GlobalSection(SolutionConfigurationPlatforms) = preSolution
		Debug|Any CPU = Debug|Any CPU
		Release|Any CPU = Release|Any CPU
	EndGlobalSection
	GlobalSection(ProjectConfigurationPlatforms) = postSolution
		{55D36EDD-ABA3-4338-9954-AC5A3A2B3D78}.Debug|Any CPU.ActiveCfg = Debug|Any CPU
		{55D36EDD-ABA3-4338-9954-AC5A3A2B3D78}.Debug|Any CPU.Build.0 = Debug|Any CPU
		{55D36EDD-ABA3-4338-9954-AC5A3A2B3D78}.Release|Any CPU.ActiveCfg = Release|Any CPU
		{55D36EDD-ABA3-4338-9954-AC5A3A2B3D78}.Release|Any CPU.Build.0 = Release|Any CPU
		{C8FFB6E4-CD8E-43D7-9EC1-BFF453C9BDE5}.Debug|Any CPU.ActiveCfg = Debug|Any CPU
		{C8FFB6E4-CD8E-43D7-9EC1-BFF453C9BDE5}.Debug|Any CPU.Build.0 = Debug|Any CPU
		{C8FFB6E4-CD8E-43D7-9EC1-BFF453C9BDE5}.Release|Any CPU.ActiveCfg = Release|Any CPU
		{C8FFB6E4-CD8E-43D7-9EC1-BFF453C9BDE5}.Release|Any CPU.Build.0 = Release|Any CPU
	EndGlobalSection
	GlobalSection(SolutionProperties) = preSolution
		HideSolutionNode = FALSE
	EndGlobalSection
	GlobalSection(ExtensibilityGlobals) = postSolution
		SolutionGuid = {6185945E-1E7C-4C3A-A793-F3B81EEC2211}
	EndGlobalSection
EndGlobal
